PODS:
  - Alamofire (3.1.4)
  - RxAlamofire (1.0):
    - RxAlamofire/Core (= 1.0)
  - RxAlamofire/Core (1.0):
    - Alamofire (~> 3.0)
    - RxSwift (~> 2.0.0)
  - RxBlocking (2.0.0):
    - RxSwift (~> 2.0)
  - RxCocoa (2.0.0):
    - RxSwift (~> 2.0)
  - RxSwift (2.0.0)
  - SwiftyJSON (2.3.2)

DEPENDENCIES:
  - Alamofire (~> 3.0)
  - RxAlamofire
  - RxBlocking (~> 2.0.0-beta)
  - RxCocoa (~> 2.0.0-beta)
  - RxSwift (~> 2.0.0-beta)
  - SwiftyJSON (from `https://github.com/SwiftyJSON/SwiftyJSON.git`)

EXTERNAL SOURCES:
  SwiftyJSON:
    :git: https://github.com/SwiftyJSON/SwiftyJSON.git

CHECKOUT OPTIONS:
  SwiftyJSON:
    :commit: 5f59648a6e9356b26c5cb698ab924fa7d750b6c9
    :git: https://github.com/SwiftyJSON/SwiftyJSON.git

SPEC CHECKSUMS:
  Alamofire: fbc829692f351fa1d8a31dd75fd7f7f56fea31fb
  RxAlamofire: a969a44a07bbf40517fa1517ae445b797153b1ec
  RxBlocking: a95a10ed54eb5d116f6c9a87047ff671e181d07b
  RxCocoa: b0ebd70b4f7450bdb3c8987b122f8fd568dc1e2f
  RxSwift: d83246efa6f16c50c143bec134649d045498f601
  SwiftyJSON: 04ccea08915aa0109039157c7974cf0298da292a

COCOAPODS: 0.39.0
